
Microsoft Visual Studio Solution File, Format Version 12.00
# Visual Studio Express 2013 for Windows Desktop
VisualStudioVersion = 12.0.30723.0
MinimumVisualStudioVersion = 10.0.40219.1
Project("{FAE04EC0-301F-11D3-BF4B-00C04F79EFBC}") = "MockBondsProducer", "Producer\MockBondsProducer.csproj", "{89D016E2-09EC-4B27-BEB3-5B02DF54DA0C}"
EndProject
Project("{FAE04EC0-301F-11D3-BF4B-00C04F79EFBC}") = "MockBondsClient", "Client\MockBondsClient.csproj", "{733318A0-8DAB-4908-B6EA-799385D44998}"
EndProject
Project("{FAE04EC0-301F-11D3-BF4B-00C04F79EFBC}") = "MockBondsConsumer", "Consumer\MockBondsConsumer.csproj", "{E1DD733D-4906-4712-8831-6306669790D8}"
EndProject
Global
	GlobalSection(SolutionConfigurationPlatforms) = preSolution
		Debug|Any CPU = Debug|Any CPU
		Release|Any CPU = Release|Any CPU
	EndGlobalSection
	GlobalSection(ProjectConfigurationPlatforms) = postSolution
		{89D016E2-09EC-4B27-BEB3-5B02DF54DA0C}.Debug|Any CPU.ActiveCfg = Debug|Any CPU
		{89D016E2-09EC-4B27-BEB3-5B02DF54DA0C}.Debug|Any CPU.Build.0 = Debug|Any CPU
		{89D016E2-09EC-4B27-BEB3-5B02DF54DA0C}.Release|Any CPU.ActiveCfg = Release|Any CPU
		{89D016E2-09EC-4B27-BEB3-5B02DF54DA0C}.Release|Any CPU.Build.0 = Release|Any CPU
		{733318A0-8DAB-4908-B6EA-799385D44998}.Debug|Any CPU.ActiveCfg = Debug|Any CPU
		{733318A0-8DAB-4908-B6EA-799385D44998}.Debug|Any CPU.Build.0 = Debug|Any CPU
		{733318A0-8DAB-4908-B6EA-799385D44998}.Release|Any CPU.ActiveCfg = Release|Any CPU
		{733318A0-8DAB-4908-B6EA-799385D44998}.Release|Any CPU.Build.0 = Release|Any CPU
		{E1DD733D-4906-4712-8831-6306669790D8}.Debug|Any CPU.ActiveCfg = Debug|Any CPU
		{E1DD733D-4906-4712-8831-6306669790D8}.Debug|Any CPU.Build.0 = Debug|Any CPU
		{E1DD733D-4906-4712-8831-6306669790D8}.Release|Any CPU.ActiveCfg = Release|Any CPU
		{E1DD733D-4906-4712-8831-6306669790D8}.Release|Any CPU.Build.0 = Release|Any CPU
	EndGlobalSection
	GlobalSection(SolutionProperties) = preSolution
		HideSolutionNode = FALSE
	EndGlobalSection
EndGlobal
